
Microsoft Visual Studio Solution File, Format Version 12.00
# Visual Studio Version 16
VisualStudioVersion = 16.0.28803.202
MinimumVisualStudioVersion = 10.0.40219.1
Project("{9A19103F-16F7-4668-BE54-9A1E7A4F7556}") = "ConsoleApp1", "ConsoleApp1\ConsoleApp1.csproj", "{4CA656C3-5486-437B-AC79-7EDA72DEA667}"
EndProject
Project("{9A19103F-16F7-4668-BE54-9A1E7A4F7556}") = "etcd.Provider.Cluster.Extensions", "etcd.Provider.Cluster.Extensions\etcd.Provider.Cluster.Extensions.csproj", "{0E05D9C8-8F9A-4EF5-BF24-5CC0E3AA05C3}"
EndProject
Global
	GlobalSection(SolutionConfigurationPlatforms) = preSolution
		Debug|Any CPU = Debug|Any CPU
		Release|Any CPU = Release|Any CPU
	EndGlobalSection
	GlobalSection(ProjectConfigurationPlatforms) = postSolution
		{4CA656C3-5486-437B-AC79-7EDA72DEA667}.Debug|Any CPU.ActiveCfg = Debug|Any CPU
		{4CA656C3-5486-437B-AC79-7EDA72DEA667}.Debug|Any CPU.Build.0 = Debug|Any CPU
		{4CA656C3-5486-437B-AC79-7EDA72DEA667}.Release|Any CPU.ActiveCfg = Release|Any CPU
		{4CA656C3-5486-437B-AC79-7EDA72DEA667}.Release|Any CPU.Build.0 = Release|Any CPU
		{0E05D9C8-8F9A-4EF5-BF24-5CC0E3AA05C3}.Debug|Any CPU.ActiveCfg = Debug|Any CPU
		{0E05D9C8-8F9A-4EF5-BF24-5CC0E3AA05C3}.Debug|Any CPU.Build.0 = Debug|Any CPU
		{0E05D9C8-8F9A-4EF5-BF24-5CC0E3AA05C3}.Release|Any CPU.ActiveCfg = Release|Any CPU
		{0E05D9C8-8F9A-4EF5-BF24-5CC0E3AA05C3}.Release|Any CPU.Build.0 = Release|Any CPU
	EndGlobalSection
	GlobalSection(SolutionProperties) = preSolution
		HideSolutionNode = FALSE
	EndGlobalSection
	GlobalSection(ExtensibilityGlobals) = postSolution
		SolutionGuid = {2B4B5E5D-B4EE-4EC7-9B93-D6C65D1DDCAF}
	EndGlobalSection
EndGlobal
